
Microsoft Visual Studio Solution File, Format Version 12.00
# Visual Studio Version 17
VisualStudioVersion = 17.11.35327.3
MinimumVisualStudioVersion = 10.0.40219.1
Project("{9A19103F-16F7-4668-BE54-9A1E7A4F7556}") = "LabASVT", "LabASVT\LabASVT.csproj", "{1C3CB8F4-5772-45CD-8295-E06E3EA2EE2F}"
EndProject
Project("{FAE04EC0-301F-11D3-BF4B-00C04F79EFBC}") = "Labr2_2", "Labr2_2\Labr2_2.csproj", "{E0AB481A-5761-4684-860A-B1D9A726A484}"
EndProject
Global
	GlobalSection(SolutionConfigurationPlatforms) = preSolution
		Debug|Any CPU = Debug|Any CPU
		Release|Any CPU = Release|Any CPU
	EndGlobalSection
	GlobalSection(ProjectConfigurationPlatforms) = postSolution
		{1C3CB8F4-5772-45CD-8295-E06E3EA2EE2F}.Debug|Any CPU.ActiveCfg = Debug|Any CPU
		{1C3CB8F4-5772-45CD-8295-E06E3EA2EE2F}.Debug|Any CPU.Build.0 = Debug|Any CPU
		{1C3CB8F4-5772-45CD-8295-E06E3EA2EE2F}.Release|Any CPU.ActiveCfg = Release|Any CPU
		{1C3CB8F4-5772-45CD-8295-E06E3EA2EE2F}.Release|Any CPU.Build.0 = Release|Any CPU
		{E0AB481A-5761-4684-860A-B1D9A726A484}.Debug|Any CPU.ActiveCfg = Debug|Any CPU
		{E0AB481A-5761-4684-860A-B1D9A726A484}.Debug|Any CPU.Build.0 = Debug|Any CPU
		{E0AB481A-5761-4684-860A-B1D9A726A484}.Release|Any CPU.ActiveCfg = Release|Any CPU
		{E0AB481A-5761-4684-860A-B1D9A726A484}.Release|Any CPU.Build.0 = Release|Any CPU
	EndGlobalSection
	GlobalSection(SolutionProperties) = preSolution
		HideSolutionNode = FALSE
	EndGlobalSection
	GlobalSection(ExtensibilityGlobals) = postSolution
		SolutionGuid = {B3E6A798-229E-4143-977A-ED45FD21F189}
	EndGlobalSection
EndGlobal
